// !$*UTF8*$!
{
	archiveVersion = 1;
	classes = {
	};
	objectVersion = 50;
	objects = {

/* Begin PBXBuildFile section */
		9B9E4B98220AD03D0050FA3B /* AppDelegate.swift in Sources */ = {isa = PBXBuildFile; fileRef = 9B9E4B97220AD03D0050FA3B /* AppDelegate.swift */; };
		9B9E4B9A220AD03D0050FA3B /* ListViewController.swift in Sources */ = {isa = PBXBuildFile; fileRef = 9B9E4B99220AD03D0050FA3B /* ListViewController.swift */; };
		9B9E4B9D220AD03D0050FA3B /* Main.storyboard in Resources */ = {isa = PBXBuildFile; fileRef = 9B9E4B9B220AD03D0050FA3B /* Main.storyboard */; };
		9B9E4BA0220AD03D0050FA3B /* GiphySample.xcdatamodeld in Sources */ = {isa = PBXBuildFile; fileRef = 9B9E4B9E220AD03D0050FA3B /* GiphySample.xcdatamodeld */; };
		9B9E4BA2220AD03F0050FA3B /* Assets.xcassets in Resources */ = {isa = PBXBuildFile; fileRef = 9B9E4BA1220AD03F0050FA3B /* Assets.xcassets */; };
		9B9E4BA5220AD03F0050FA3B /* LaunchScreen.storyboard in Resources */ = {isa = PBXBuildFile; fileRef = 9B9E4BA3220AD03F0050FA3B /* LaunchScreen.storyboard */; };
		9B9E4BB0220AD03F0050FA3B /* GiphySampleTests.swift in Sources */ = {isa = PBXBuildFile; fileRef = 9B9E4BAF220AD03F0050FA3B /* GiphySampleTests.swift */; };
		9B9E4BBC220AEAB80050FA3B /* SwiftGif.framework in Frameworks */ = {isa = PBXBuildFile; fileRef = 9B9E4BBB220AEAB80050FA3B /* SwiftGif.framework */; };
		9B9E4BBF220AF1180050FA3B /* GiphyCoreSDK.framework in Frameworks */ = {isa = PBXBuildFile; fileRef = 9B9E4BBE220AF1180050FA3B /* GiphyCoreSDK.framework */; };
		9B9E4BCA220AF5650050FA3B /* CoreDataManager.swift in Sources */ = {isa = PBXBuildFile; fileRef = 9B9E4BC9220AF5650050FA3B /* CoreDataManager.swift */; };
		9B9E4BCD220B016D0050FA3B /* UIColor+Extension.swift in Sources */ = {isa = PBXBuildFile; fileRef = 9B9E4BCC220B016D0050FA3B /* UIColor+Extension.swift */; };
		9B9E4BD0220B12830050FA3B /* SearchCell.swift in Sources */ = {isa = PBXBuildFile; fileRef = 9B9E4BCF220B12830050FA3B /* SearchCell.swift */; };
		9B9E4BD6220C06670050FA3B /* NetworkManager.swift in Sources */ = {isa = PBXBuildFile; fileRef = 9B9E4BD5220C06670050FA3B /* NetworkManager.swift */; };
		9B9E4C06220C0E550050FA3B /* FavoritesViewController.swift in Sources */ = {isa = PBXBuildFile; fileRef = 9B9E4C05220C0E550050FA3B /* FavoritesViewController.swift */; };
		9B9E4C09220C0FCC0050FA3B /* HomeViewModel.swift in Sources */ = {isa = PBXBuildFile; fileRef = 9B9E4C08220C0FCC0050FA3B /* HomeViewModel.swift */; };
		9B9E4C0B220C99510050FA3B /* DetailViewController.swift in Sources */ = {isa = PBXBuildFile; fileRef = 9B9E4C0A220C99510050FA3B /* DetailViewController.swift */; };
		9B9E4C0D220CA2610050FA3B /* DownloadQueue.swift in Sources */ = {isa = PBXBuildFile; fileRef = 9B9E4C0C220CA2610050FA3B /* DownloadQueue.swift */; };
		9B9E4C0F220CAF310050FA3B /* FavoriteCell.swift in Sources */ = {isa = PBXBuildFile; fileRef = 9B9E4C0E220CAF310050FA3B /* FavoriteCell.swift */; };
		9B9E4C12220CC8B40050FA3B /* Utils.swift in Sources */ = {isa = PBXBuildFile; fileRef = 9B9E4C11220CC8B40050FA3B /* Utils.swift */; };
		9B9E4C14220D67870050FA3B /* FavoritesViewModel.swift in Sources */ = {isa = PBXBuildFile; fileRef = 9B9E4C13220D67870050FA3B /* FavoritesViewModel.swift */; };
/* End PBXBuildFile section */

/* Begin PBXContainerItemProxy section */
		9B9E4BAC220AD03F0050FA3B /* PBXContainerItemProxy */ = {
			isa = PBXContainerItemProxy;
			containerPortal = 9B9E4B8C220AD03D0050FA3B /* Project object */;
			proxyType = 1;
			remoteGlobalIDString = 9B9E4B93220AD03D0050FA3B;
			remoteInfo = GiphySample;
		};
/* End PBXContainerItemProxy section */

/* Begin PBXFileReference section */
		9B9E4B94220AD03D0050FA3B /* GiphySample.app */ = {isa = PBXFileReference; explicitFileType = wrapper.application; includeInIndex = 0; path = GiphySample.app; sourceTree = BUILT_PRODUCTS_DIR; };
		9B9E4B97220AD03D0050FA3B /* AppDelegate.swift */ = {isa = PBXFileReference; lastKnownFileType = sourcecode.swift; path = AppDelegate.swift; sourceTree = "<group>"; };
		9B9E4B99220AD03D0050FA3B /* ListViewController.swift */ = {isa = PBXFileReference; lastKnownFileType = sourcecode.swift; path = ListViewController.swift; sourceTree = "<group>"; };
		9B9E4B9C220AD03D0050FA3B /* Base */ = {isa = PBXFileReference; lastKnownFileType = file.storyboard; name = Base; path = Base.lproj/Main.storyboard; sourceTree = "<group>"; };
		9B9E4B9F220AD03D0050FA3B /* GiphySample.xcdatamodel */ = {isa = PBXFileReference; lastKnownFileType = wrapper.xcdatamodel; path = GiphySample.xcdatamodel; sourceTree = "<group>"; };
		9B9E4BA1220AD03F0050FA3B /* Assets.xcassets */ = {isa = PBXFileReference; lastKnownFileType = folder.assetcatalog; path = Assets.xcassets; sourceTree = "<group>"; };
		9B9E4BA4220AD03F0050FA3B /* Base */ = {isa = PBXFileReference; lastKnownFileType = file.storyboard; name = Base; path = Base.lproj/LaunchScreen.storyboard; sourceTree = "<group>"; };
		9B9E4BA6220AD03F0050FA3B /* Info.plist */ = {isa = PBXFileReference; lastKnownFileType = text.plist.xml; path = Info.plist; sourceTree = "<group>"; };
		9B9E4BAB220AD03F0050FA3B /* GiphySampleTests.xctest */ = {isa = PBXFileReference; explicitFileType = wrapper.cfbundle; includeInIndex = 0; path = GiphySampleTests.xctest; sourceTree = BUILT_PRODUCTS_DIR; };
		9B9E4BAF220AD03F0050FA3B /* GiphySampleTests.swift */ = {isa = PBXFileReference; lastKnownFileType = sourcecode.swift; path = GiphySampleTests.swift; sourceTree = "<group>"; };
		9B9E4BB1220AD03F0050FA3B /* Info.plist */ = {isa = PBXFileReference; lastKnownFileType = text.plist.xml; path = Info.plist; sourceTree = "<group>"; };
		9B9E4BBB220AEAB80050FA3B /* SwiftGif.framework */ = {isa = PBXFileReference; lastKnownFileType = wrapper.framework; name = SwiftGif.framework; path = Carthage/Build/iOS/SwiftGif.framework; sourceTree = "<group>"; };
		9B9E4BBE220AF1180050FA3B /* GiphyCoreSDK.framework */ = {isa = PBXFileReference; lastKnownFileType = wrapper.framework; name = GiphyCoreSDK.framework; path = Carthage/Build/iOS/GiphyCoreSDK.framework; sourceTree = "<group>"; };
		9B9E4BC9220AF5650050FA3B /* CoreDataManager.swift */ = {isa = PBXFileReference; lastKnownFileType = sourcecode.swift; path = CoreDataManager.swift; sourceTree = "<group>"; };
		9B9E4BCC220B016D0050FA3B /* UIColor+Extension.swift */ = {isa = PBXFileReference; lastKnownFileType = sourcecode.swift; path = "UIColor+Extension.swift"; sourceTree = "<group>"; };
		9B9E4BCF220B12830050FA3B /* SearchCell.swift */ = {isa = PBXFileReference; lastKnownFileType = sourcecode.swift; path = SearchCell.swift; sourceTree = "<group>"; };
		9B9E4BD5220C06670050FA3B /* NetworkManager.swift */ = {isa = PBXFileReference; lastKnownFileType = sourcecode.swift; path = NetworkManager.swift; sourceTree = "<group>"; };
		9B9E4C05220C0E550050FA3B /* FavoritesViewController.swift */ = {isa = PBXFileReference; lastKnownFileType = sourcecode.swift; path = FavoritesViewController.swift; sourceTree = "<group>"; };
		9B9E4C08220C0FCC0050FA3B /* HomeViewModel.swift */ = {isa = PBXFileReference; lastKnownFileType = sourcecode.swift; path = HomeViewModel.swift; sourceTree = "<group>"; };
		9B9E4C0A220C99510050FA3B /* DetailViewController.swift */ = {isa = PBXFileReference; lastKnownFileType = sourcecode.swift; path = DetailViewController.swift; sourceTree = "<group>"; };
		9B9E4C0C220CA2610050FA3B /* DownloadQueue.swift */ = {isa = PBXFileReference; lastKnownFileType = sourcecode.swift; path = DownloadQueue.swift; sourceTree = "<group>"; };
		9B9E4C0E220CAF310050FA3B /* FavoriteCell.swift */ = {isa = PBXFileReference; lastKnownFileType = sourcecode.swift; path = FavoriteCell.swift; sourceTree = "<group>"; };
		9B9E4C11220CC8B40050FA3B /* Utils.swift */ = {isa = PBXFileReference; lastKnownFileType = sourcecode.swift; path = Utils.swift; sourceTree = "<group>"; };
		9B9E4C13220D67870050FA3B /* FavoritesViewModel.swift */ = {isa = PBXFileReference; lastKnownFileType = sourcecode.swift; path = FavoritesViewModel.swift; sourceTree = "<group>"; };
/* End PBXFileReference section */

/* Begin PBXFrameworksBuildPhase section */
		9B9E4B91220AD03D0050FA3B /* Frameworks */ = {
			isa = PBXFrameworksBuildPhase;
			buildActionMask = 2147483647;
			files = (
				9B9E4BBC220AEAB80050FA3B /* SwiftGif.framework in Frameworks */,
				9B9E4BBF220AF1180050FA3B /* GiphyCoreSDK.framework in Frameworks */,
			);
			runOnlyForDeploymentPostprocessing = 0;
		};
		9B9E4BA8220AD03F0050FA3B /* Frameworks */ = {
			isa = PBXFrameworksBuildPhase;
			buildActionMask = 2147483647;
			files = (
			);
			runOnlyForDeploymentPostprocessing = 0;
		};
/* End PBXFrameworksBuildPhase section */

/* Begin PBXGroup section */
		9B9E4B8B220AD03D0050FA3B = {
			isa = PBXGroup;
			children = (
				9B9E4B96220AD03D0050FA3B /* GiphySample */,
				9B9E4BAE220AD03F0050FA3B /* GiphySampleTests */,
				9B9E4B95220AD03D0050FA3B /* Products */,
				9B9E4BBA220AEAB80050FA3B /* Frameworks */,
			);
			sourceTree = "<group>";
		};
		9B9E4B95220AD03D0050FA3B /* Products */ = {
			isa = PBXGroup;
			children = (
				9B9E4B94220AD03D0050FA3B /* GiphySample.app */,
				9B9E4BAB220AD03F0050FA3B /* GiphySampleTests.xctest */,
			);
			name = Products;
			sourceTree = "<group>";
		};
		9B9E4B96220AD03D0050FA3B /* GiphySample */ = {
			isa = PBXGroup;
			children = (
				9B9E4C10220CC8A30050FA3B /* Utility */,
				9B9E4C07220C0FB60050FA3B /* ViewModel */,
				9B9E4BCE220B12700050FA3B /* View */,
				9B9E4BCB220AFCFE0050FA3B /* Extensions */,
				9B9E4BC8220AF5530050FA3B /* Managers */,
				9B9E4BC7220AF5310050FA3B /* Model */,
				9B9E4BC6220AF1C30050FA3B /* Resources */,
				9B9E4BC5220AF1A80050FA3B /* Supporting Files */,
				9B9E4BC4220AF1920050FA3B /* Storyboards */,
				9B9E4BC2220AF17E0050FA3B /* Controllers */,
				9B9E4BC1220AF16A0050FA3B /* AppDelegate */,
			);
			path = GiphySample;
			sourceTree = "<group>";
		};
		9B9E4BAE220AD03F0050FA3B /* GiphySampleTests */ = {
			isa = PBXGroup;
			children = (
				9B9E4BAF220AD03F0050FA3B /* GiphySampleTests.swift */,
				9B9E4BB1220AD03F0050FA3B /* Info.plist */,
			);
			path = GiphySampleTests;
			sourceTree = "<group>";
		};
		9B9E4BBA220AEAB80050FA3B /* Frameworks */ = {
			isa = PBXGroup;
			children = (
				9B9E4BBE220AF1180050FA3B /* GiphyCoreSDK.framework */,
				9B9E4BBB220AEAB80050FA3B /* SwiftGif.framework */,
			);
			name = Frameworks;
			sourceTree = "<group>";
		};
		9B9E4BC1220AF16A0050FA3B /* AppDelegate */ = {
			isa = PBXGroup;
			children = (
				9B9E4B97220AD03D0050FA3B /* AppDelegate.swift */,
			);
			path = AppDelegate;
			sourceTree = "<group>";
		};
		9B9E4BC2220AF17E0050FA3B /* Controllers */ = {
			isa = PBXGroup;
			children = (
				9B9E4B99220AD03D0050FA3B /* ListViewController.swift */,
				9B9E4C0A220C99510050FA3B /* DetailViewController.swift */,
				9B9E4C05220C0E550050FA3B /* FavoritesViewController.swift */,
			);
			path = Controllers;
			sourceTree = "<group>";
		};
		9B9E4BC4220AF1920050FA3B /* Storyboards */ = {
			isa = PBXGroup;
			children = (
				9B9E4B9B220AD03D0050FA3B /* Main.storyboard */,
			);
			path = Storyboards;
			sourceTree = "<group>";
		};
		9B9E4BC5220AF1A80050FA3B /* Supporting Files */ = {
			isa = PBXGroup;
			children = (
				9B9E4BA6220AD03F0050FA3B /* Info.plist */,
				9B9E4BA3220AD03F0050FA3B /* LaunchScreen.storyboard */,
			);
			path = "Supporting Files";
			sourceTree = "<group>";
		};
		9B9E4BC6220AF1C30050FA3B /* Resources */ = {
			isa = PBXGroup;
			children = (
				9B9E4BA1220AD03F0050FA3B /* Assets.xcassets */,
			);
			path = Resources;
			sourceTree = "<group>";
		};
		9B9E4BC7220AF5310050FA3B /* Model */ = {
			isa = PBXGroup;
			children = (
				9B9E4B9E220AD03D0050FA3B /* GiphySample.xcdatamodeld */,
			);
			path = Model;
			sourceTree = "<group>";
		};
		9B9E4BC8220AF5530050FA3B /* Managers */ = {
			isa = PBXGroup;
			children = (
				9B9E4BC9220AF5650050FA3B /* CoreDataManager.swift */,
				9B9E4BD5220C06670050FA3B /* NetworkManager.swift */,
				9B9E4C0C220CA2610050FA3B /* DownloadQueue.swift */,
			);
			path = Managers;
			sourceTree = "<group>";
		};
		9B9E4BCB220AFCFE0050FA3B /* Extensions */ = {
			isa = PBXGroup;
			children = (
				9B9E4BCC220B016D0050FA3B /* UIColor+Extension.swift */,
			);
			path = Extensions;
			sourceTree = "<group>";
		};
		9B9E4BCE220B12700050FA3B /* View */ = {
			isa = PBXGroup;
			children = (
				9B9E4BCF220B12830050FA3B /* SearchCell.swift */,
				9B9E4C0E220CAF310050FA3B /* FavoriteCell.swift */,
			);
			path = View;
			sourceTree = "<group>";
		};
		9B9E4C07220C0FB60050FA3B /* ViewModel */ = {
			isa = PBXGroup;
			children = (
				9B9E4C08220C0FCC0050FA3B /* HomeViewModel.swift */,
				9B9E4C13220D67870050FA3B /* FavoritesViewModel.swift */,
			);
			path = ViewModel;
			sourceTree = "<group>";
		};
		9B9E4C10220CC8A30050FA3B /* Utility */ = {
			isa = PBXGroup;
			children = (
				9B9E4C11220CC8B40050FA3B /* Utils.swift */,
			);
			path = Utility;
			sourceTree = "<group>";
		};
/* End PBXGroup section */

/* Begin PBXNativeTarget section */
		9B9E4B93220AD03D0050FA3B /* GiphySample */ = {
			isa = PBXNativeTarget;
			buildConfigurationList = 9B9E4BB4220AD03F0050FA3B /* Build configuration list for PBXNativeTarget "GiphySample" */;
			buildPhases = (
				9B9E4B90220AD03D0050FA3B /* Sources */,
				9B9E4B91220AD03D0050FA3B /* Frameworks */,
				9B9E4B92220AD03D0050FA3B /* Resources */,
				9B9E4BBD220AEAC80050FA3B /* ShellScript */,
			);
			buildRules = (
			);
			dependencies = (
			);
			name = GiphySample;
			productName = GiphySample;
			productReference = 9B9E4B94220AD03D0050FA3B /* GiphySample.app */;
			productType = "com.apple.product-type.application";
		};
		9B9E4BAA220AD03F0050FA3B /* GiphySampleTests */ = {
			isa = PBXNativeTarget;
			buildConfigurationList = 9B9E4BB7220AD03F0050FA3B /* Build configuration list for PBXNativeTarget "GiphySampleTests" */;
			buildPhases = (
				9B9E4BA7220AD03F0050FA3B /* Sources */,
				9B9E4BA8220AD03F0050FA3B /* Frameworks */,
				9B9E4BA9220AD03F0050FA3B /* Resources */,
			);
			buildRules = (
			);
			dependencies = (
				9B9E4BAD220AD03F0050FA3B /* PBXTargetDependency */,
			);
			name = GiphySampleTests;
			productName = GiphySampleTests;
			productReference = 9B9E4BAB220AD03F0050FA3B /* GiphySampleTests.xctest */;
			productType = "com.apple.product-type.bundle.unit-test";
		};
/* End PBXNativeTarget section */

/* Begin PBXProject section */
		9B9E4B8C220AD03D0050FA3B /* Project object */ = {
			isa = PBXProject;
			attributes = {
				LastSwiftUpdateCheck = 1010;
				LastUpgradeCheck = 1010;
				ORGANIZATIONNAME = techjini;
				TargetAttributes = {
					9B9E4B93220AD03D0050FA3B = {
						CreatedOnToolsVersion = 10.1;
					};
					9B9E4BAA220AD03F0050FA3B = {
						CreatedOnToolsVersion = 10.1;
						TestTargetID = 9B9E4B93220AD03D0050FA3B;
					};
				};
			};
			buildConfigurationList = 9B9E4B8F220AD03D0050FA3B /* Build configuration list for PBXProject "GiphySample" */;
			compatibilityVersion = "Xcode 9.3";
			developmentRegion = en;
			hasScannedForEncodings = 0;
			knownRegions = (
				en,
				Base,
			);
			mainGroup = 9B9E4B8B220AD03D0050FA3B;
			productRefGroup = 9B9E4B95220AD03D0050FA3B /* Products */;
			projectDirPath = "";
			projectRoot = "";
			targets = (
				9B9E4B93220AD03D0050FA3B /* GiphySample */,
				9B9E4BAA220AD03F0050FA3B /* GiphySampleTests */,
			);
		};
/* End PBXProject section */

/* Begin PBXResourcesBuildPhase section */
		9B9E4B92220AD03D0050FA3B /* Resources */ = {
			isa = PBXResourcesBuildPhase;
			buildActionMask = 2147483647;
			files = (
				9B9E4BA5220AD03F0050FA3B /* LaunchScreen.storyboard in Resources */,
				9B9E4BA2220AD03F0050FA3B /* Assets.xcassets in Resources */,
				9B9E4B9D220AD03D0050FA3B /* Main.storyboard in Resources */,
			);
			runOnlyForDeploymentPostprocessing = 0;
		};
		9B9E4BA9220AD03F0050FA3B /* Resources */ = {
			isa = PBXResourcesBuildPhase;
			buildActionMask = 2147483647;
			files = (
			);
			runOnlyForDeploymentPostprocessing = 0;
		};
/* End PBXResourcesBuildPhase section */

/* Begin PBXShellScriptBuildPhase section */
		9B9E4BBD220AEAC80050FA3B /* ShellScript */ = {
			isa = PBXShellScriptBuildPhase;
			buildActionMask = 2147483647;
			files = (
			);
			inputFileListPaths = (
			);
			inputPaths = (
				"$(SRCROOT)/Carthage/Build/iOS/SwiftGif.framework",
				"$(SRCROOT)/Carthage/Build/iOS/GiphyCoreSDK.framework",
			);
			outputFileListPaths = (
			);
			outputPaths = (
			);
			runOnlyForDeploymentPostprocessing = 0;
			shellPath = /bin/sh;
			shellScript = "/usr/local/bin/carthage copy-frameworks\n";
		};
/* End PBXShellScriptBuildPhase section */

/* Begin PBXSourcesBuildPhase section */
		9B9E4B90220AD03D0050FA3B /* Sources */ = {
			isa = PBXSourcesBuildPhase;
			buildActionMask = 2147483647;
			files = (
				9B9E4B9A220AD03D0050FA3B /* ListViewController.swift in Sources */,
				9B9E4C09220C0FCC0050FA3B /* HomeViewModel.swift in Sources */,
				9B9E4BD0220B12830050FA3B /* SearchCell.swift in Sources */,
				9B9E4C06220C0E550050FA3B /* FavoritesViewController.swift in Sources */,
				9B9E4C0F220CAF310050FA3B /* FavoriteCell.swift in Sources */,
				9B9E4C12220CC8B40050FA3B /* Utils.swift in Sources */,
				9B9E4BA0220AD03D0050FA3B /* GiphySample.xcdatamodeld in Sources */,
				9B9E4BD6220C06670050FA3B /* NetworkManager.swift in Sources */,
				9B9E4C14220D67870050FA3B /* FavoritesViewModel.swift in Sources */,
				9B9E4BCA220AF5650050FA3B /* CoreDataManager.swift in Sources */,
				9B9E4C0B220C99510050FA3B /* DetailViewController.swift in Sources */,
				9B9E4B98220AD03D0050FA3B /* AppDelegate.swift in Sources */,
				9B9E4BCD220B016D0050FA3B /* UIColor+Extension.swift in Sources */,
				9B9E4C0D220CA2610050FA3B /* DownloadQueue.swift in Sources */,
			);
			runOnlyForDeploymentPostprocessing = 0;
		};
		9B9E4BA7220AD03F0050FA3B /* Sources */ = {
			isa = PBXSourcesBuildPhase;
			buildActionMask = 2147483647;
			files = (
				9B9E4BB0220AD03F0050FA3B /* GiphySampleTests.swift in Sources */,
			);
			runOnlyForDeploymentPostprocessing = 0;
		};
/* End PBXSourcesBuildPhase section */

/* Begin PBXTargetDependency section */
		9B9E4BAD220AD03F0050FA3B /* PBXTargetDependency */ = {
			isa = PBXTargetDependency;
			target = 9B9E4B93220AD03D0050FA3B /* GiphySample */;
			targetProxy = 9B9E4BAC220AD03F0050FA3B /* PBXContainerItemProxy */;
		};
/* End PBXTargetDependency section */

/* Begin PBXVariantGroup section */
		9B9E4B9B220AD03D0050FA3B /* Main.storyboard */ = {
			isa = PBXVariantGroup;
			children = (
				9B9E4B9C220AD03D0050FA3B /* Base */,
			);
			name = Main.storyboard;
			sourceTree = "<group>";
		};
		9B9E4BA3220AD03F0050FA3B /* LaunchScreen.storyboard */ = {
			isa = PBXVariantGroup;
			children = (
				9B9E4BA4220AD03F0050FA3B /* Base */,
			);
			name = LaunchScreen.storyboard;
			sourceTree = "<group>";
		};
/* End PBXVariantGroup section */

/* Begin XCBuildConfiguration section */
		9B9E4BB2220AD03F0050FA3B /* Debug */ = {
			isa = XCBuildConfiguration;
			buildSettings = {
				ALWAYS_SEARCH_USER_PATHS = NO;
				CLANG_ANALYZER_NONNULL = YES;
				CLANG_ANALYZER_NUMBER_OBJECT_CONVERSION = YES_AGGRESSIVE;
				CLANG_CXX_LANGUAGE_STANDARD = "gnu++14";
				CLANG_CXX_LIBRARY = "libc++";
				CLANG_ENABLE_MODULES = YES;
				CLANG_ENABLE_OBJC_ARC = YES;
				CLANG_ENABLE_OBJC_WEAK = YES;
				CLANG_WARN_BLOCK_CAPTURE_AUTORELEASING = YES;
				CLANG_WARN_BOOL_CONVERSION = YES;
				CLANG_WARN_COMMA = YES;
				CLANG_WARN_CONSTANT_CONVERSION = YES;
				CLANG_WARN_DEPRECATED_OBJC_IMPLEMENTATIONS = YES;
				CLANG_WARN_DIRECT_OBJC_ISA_USAGE = YES_ERROR;
				CLANG_WARN_DOCUMENTATION_COMMENTS = YES;
				CLANG_WARN_EMPTY_BODY = YES;
				CLANG_WARN_ENUM_CONVERSION = YES;
				CLANG_WARN_INFINITE_RECURSION = YES;
				CLANG_WARN_INT_CONVERSION = YES;
				CLANG_WARN_NON_LITERAL_NULL_CONVERSION = YES;
				CLANG_WARN_OBJC_IMPLICIT_RETAIN_SELF = YES;
				CLANG_WARN_OBJC_LITERAL_CONVERSION = YES;
				CLANG_WARN_OBJC_ROOT_CLASS = YES_ERROR;
				CLANG_WARN_RANGE_LOOP_ANALYSIS = YES;
				CLANG_WARN_STRICT_PROTOTYPES = YES;
				CLANG_WARN_SUSPICIOUS_MOVE = YES;
				CLANG_WARN_UNGUARDED_AVAILABILITY = YES_AGGRESSIVE;
				CLANG_WARN_UNREACHABLE_CODE = YES;
				CLANG_WARN__DUPLICATE_METHOD_MATCH = YES;
				CODE_SIGN_IDENTITY = "iPhone Developer";
				COPY_PHASE_STRIP = NO;
				DEBUG_INFORMATION_FORMAT = dwarf;
				ENABLE_STRICT_OBJC_MSGSEND = YES;
				ENABLE_TESTABILITY = YES;
				GCC_C_LANGUAGE_STANDARD = gnu11;
				GCC_DYNAMIC_NO_PIC = NO;
				GCC_NO_COMMON_BLOCKS = YES;
				GCC_OPTIMIZATION_LEVEL = 0;
				GCC_PREPROCESSOR_DEFINITIONS = (
					"DEBUG=1",
					"$(inherited)",
				);
				GCC_WARN_64_TO_32_BIT_CONVERSION = YES;
				GCC_WARN_ABOUT_RETURN_TYPE = YES_ERROR;
				GCC_WARN_UNDECLARED_SELECTOR = YES;
				GCC_WARN_UNINITIALIZED_AUTOS = YES_AGGRESSIVE;
				GCC_WARN_UNUSED_FUNCTION = YES;
				GCC_WARN_UNUSED_VARIABLE = YES;
				IPHONEOS_DEPLOYMENT_TARGET = 12.1;
				MTL_ENABLE_DEBUG_INFO = INCLUDE_SOURCE;
				MTL_FAST_MATH = YES;
				ONLY_ACTIVE_ARCH = YES;
				SDKROOT = iphoneos;
				SWIFT_ACTIVE_COMPILATION_CONDITIONS = DEBUG;
				SWIFT_OPTIMIZATION_LEVEL = "-Onone";
			};
			name = Debug;
		};
		9B9E4BB3220AD03F0050FA3B /* Release */ = {
			isa = XCBuildConfiguration;
			buildSettings = {
				ALWAYS_SEARCH_USER_PATHS = NO;
				CLANG_ANALYZER_NONNULL = YES;
				CLANG_ANALYZER_NUMBER_OBJECT_CONVERSION = YES_AGGRESSIVE;
				CLANG_CXX_LANGUAGE_STANDARD = "gnu++14";
				CLANG_CXX_LIBRARY = "libc++";
				CLANG_ENABLE_MODULES = YES;
				CLANG_ENABLE_OBJC_ARC = YES;
				CLANG_ENABLE_OBJC_WEAK = YES;
				CLANG_WARN_BLOCK_CAPTURE_AUTORELEASING = YES;
				CLANG_WARN_BOOL_CONVERSION = YES;
				CLANG_WARN_COMMA = YES;
				CLANG_WARN_CONSTANT_CONVERSION = YES;
				CLANG_WARN_DEPRECATED_OBJC_IMPLEMENTATIONS = YES;
				CLANG_WARN_DIRECT_OBJC_ISA_USAGE = YES_ERROR;
				CLANG_WARN_DOCUMENTATION_COMMENTS = YES;
				CLANG_WARN_EMPTY_BODY = YES;
				CLANG_WARN_ENUM_CONVERSION = YES;
				CLANG_WARN_INFINITE_RECURSION = YES;
				CLANG_WARN_INT_CONVERSION = YES;
				CLANG_WARN_NON_LITERAL_NULL_CONVERSION = YES;
				CLANG_WARN_OBJC_IMPLICIT_RETAIN_SELF = YES;
				CLANG_WARN_OBJC_LITERAL_CONVERSION = YES;
				CLANG_WARN_OBJC_ROOT_CLASS = YES_ERROR;
				CLANG_WARN_RANGE_LOOP_ANALYSIS = YES;
				CLANG_WARN_STRICT_PROTOTYPES = YES;
				CLANG_WARN_SUSPICIOUS_MOVE = YES;
				CLANG_WARN_UNGUARDED_AVAILABILITY = YES_AGGRESSIVE;
				CLANG_WARN_UNREACHABLE_CODE = YES;
				CLANG_WARN__DUPLICATE_METHOD_MATCH = YES;
				CODE_SIGN_IDENTITY = "iPhone Developer";
				COPY_PHASE_STRIP = NO;
				DEBUG_INFORMATION_FORMAT = "dwarf-with-dsym";
				ENABLE_NS_ASSERTIONS = NO;
				ENABLE_STRICT_OBJC_MSGSEND = YES;
				GCC_C_LANGUAGE_STANDARD = gnu11;
				GCC_NO_COMMON_BLOCKS = YES;
				GCC_WARN_64_TO_32_BIT_CONVERSION = YES;
				GCC_WARN_ABOUT_RETURN_TYPE = YES_ERROR;
				GCC_WARN_UNDECLARED_SELECTOR = YES;
				GCC_WARN_UNINITIALIZED_AUTOS = YES_AGGRESSIVE;
				GCC_WARN_UNUSED_FUNCTION = YES;
				GCC_WARN_UNUSED_VARIABLE = YES;
				IPHONEOS_DEPLOYMENT_TARGET = 12.1;
				MTL_ENABLE_DEBUG_INFO = NO;
				MTL_FAST_MATH = YES;
				SDKROOT = iphoneos;
				SWIFT_COMPILATION_MODE = wholemodule;
				SWIFT_OPTIMIZATION_LEVEL = "-O";
				VALIDATE_PRODUCT = YES;
			};
			name = Release;
		};
		9B9E4BB5220AD03F0050FA3B /* Debug */ = {
			isa = XCBuildConfiguration;
			buildSettings = {
				ASSETCATALOG_COMPILER_APPICON_NAME = AppIcon;
				CODE_SIGN_STYLE = Manual;
				DEVELOPMENT_TEAM = "";
				FRAMEWORK_SEARCH_PATHS = (
					"$(inherited)",
					"$(PROJECT_DIR)/Carthage/Build/iOS",
				);
				INFOPLIST_FILE = "GiphySample/Supporting Files/Info.plist";
				LD_RUNPATH_SEARCH_PATHS = (
					"$(inherited)",
					"@executable_path/Frameworks",
				);
				PRODUCT_BUNDLE_IDENTIFIER = com.techjini.GiphySample;
				PRODUCT_NAME = "$(TARGET_NAME)";
				PROVISIONING_PROFILE_SPECIFIER = "";
				SWIFT_VERSION = 4.2;
				TARGETED_DEVICE_FAMILY = 1;
			};
			name = Debug;
		};
		9B9E4BB6220AD03F0050FA3B /* Release */ = {
			isa = XCBuildConfiguration;
			buildSettings = {
				ASSETCATALOG_COMPILER_APPICON_NAME = AppIcon;
				CODE_SIGN_STYLE = Manual;
				DEVELOPMENT_TEAM = "";
				FRAMEWORK_SEARCH_PATHS = (
					"$(inherited)",
					"$(PROJECT_DIR)/Carthage/Build/iOS",
				);
				INFOPLIST_FILE = "GiphySample/Supporting Files/Info.plist";
				LD_RUNPATH_SEARCH_PATHS = (
					"$(inherited)",
					"@executable_path/Frameworks",
				);
				PRODUCT_BUNDLE_IDENTIFIER = com.techjini.GiphySample;
				PRODUCT_NAME = "$(TARGET_NAME)";
				PROVISIONING_PROFILE_SPECIFIER = "";
				SWIFT_VERSION = 4.2;
				TARGETED_DEVICE_FAMILY = 1;
			};
			name = Release;
		};
		9B9E4BB8220AD03F0050FA3B /* Debug */ = {
			isa = XCBuildConfiguration;
			buildSettings = {
				ALWAYS_EMBED_SWIFT_STANDARD_LIBRARIES = YES;
				BUNDLE_LOADER = "$(TEST_HOST)";
				CODE_SIGN_STYLE = Manual;
				DEVELOPMENT_TEAM = "";
				INFOPLIST_FILE = GiphySampleTests/Info.plist;
				LD_RUNPATH_SEARCH_PATHS = (
					"$(inherited)",
					"@executable_path/Frameworks",
					"@loader_path/Frameworks",
				);
				PRODUCT_BUNDLE_IDENTIFIER = com.techjini.GiphySampleTests;
				PRODUCT_NAME = "$(TARGET_NAME)";
				PROVISIONING_PROFILE_SPECIFIER = "";
				SWIFT_VERSION = 4.2;
				TARGETED_DEVICE_FAMILY = "1,2";
				TEST_HOST = "$(BUILT_PRODUCTS_DIR)/GiphySample.app/GiphySample";
			};
			name = Debug;
		};
		9B9E4BB9220AD03F0050FA3B /* Release */ = {
			isa = XCBuildConfiguration;
			buildSettings = {
				ALWAYS_EMBED_SWIFT_STANDARD_LIBRARIES = YES;
				BUNDLE_LOADER = "$(TEST_HOST)";
				CODE_SIGN_STYLE = Manual;
				DEVELOPMENT_TEAM = "";
				INFOPLIST_FILE = GiphySampleTests/Info.plist;
				LD_RUNPATH_SEARCH_PATHS = (
					"$(inherited)",
					"@executable_path/Frameworks",
					"@loader_path/Frameworks",
				);
				PRODUCT_BUNDLE_IDENTIFIER = com.techjini.GiphySampleTests;
				PRODUCT_NAME = "$(TARGET_NAME)";
				PROVISIONING_PROFILE_SPECIFIER = "";
				SWIFT_VERSION = 4.2;
				TARGETED_DEVICE_FAMILY = "1,2";
				TEST_HOST = "$(BUILT_PRODUCTS_DIR)/GiphySample.app/GiphySample";
			};
			name = Release;
		};
/* End XCBuildConfiguration section */

/* Begin XCConfigurationList section */
		9B9E4B8F220AD03D0050FA3B /* Build configuration list for PBXProject "GiphySample" */ = {
			isa = XCConfigurationList;
			buildConfigurations = (
				9B9E4BB2220AD03F0050FA3B /* Debug */,
				9B9E4BB3220AD03F0050FA3B /* Release */,
			);
			defaultConfigurationIsVisible = 0;
			defaultConfigurationName = Release;
		};
		9B9E4BB4220AD03F0050FA3B /* Build configuration list for PBXNativeTarget "GiphySample" */ = {
			isa = XCConfigurationList;
			buildConfigurations = (
				9B9E4BB5220AD03F0050FA3B /* Debug */,
				9B9E4BB6220AD03F0050FA3B /* Release */,
			);
			defaultConfigurationIsVisible = 0;
			defaultConfigurationName = Release;
		};
		9B9E4BB7220AD03F0050FA3B /* Build configuration list for PBXNativeTarget "GiphySampleTests" */ = {
			isa = XCConfigurationList;
			buildConfigurations = (
				9B9E4BB8220AD03F0050FA3B /* Debug */,
				9B9E4BB9220AD03F0050FA3B /* Release */,
			);
			defaultConfigurationIsVisible = 0;
			defaultConfigurationName = Release;
		};
/* End XCConfigurationList section */

/* Begin XCVersionGroup section */
		9B9E4B9E220AD03D0050FA3B /* GiphySample.xcdatamodeld */ = {
			isa = XCVersionGroup;
			children = (
				9B9E4B9F220AD03D0050FA3B /* GiphySample.xcdatamodel */,
			);
			currentVersion = 9B9E4B9F220AD03D0050FA3B /* GiphySample.xcdatamodel */;
			path = GiphySample.xcdatamodeld;
			sourceTree = "<group>";
			versionGroupType = wrapper.xcdatamodel;
		};
/* End XCVersionGroup section */
	};
	rootObject = 9B9E4B8C220AD03D0050FA3B /* Project object */;
}
